// !$*UTF8*$!
{
	archiveVersion = 1;
	classes = {
	};
	objectVersion = 46;
	objects = {

/* Begin PBXBuildFile section */
		0CD6D3296D56BFC7DE27F3D3 /* Pods.framework in Frameworks */ = {isa = PBXBuildFile; fileRef = 68F35FE17D0F1811CD65687A /* Pods.framework */; };
		20214B149A47B0096940EEE2 /* Pods.framework in Frameworks */ = {isa = PBXBuildFile; fileRef = 68F35FE17D0F1811CD65687A /* Pods.framework */; };
		3EC4961CA9D3BCE8F445A10C /* Pods.framework in Frameworks */ = {isa = PBXBuildFile; fileRef = 68F35FE17D0F1811CD65687A /* Pods.framework */; };
		C309F6DC1C42AE6100F7BD10 /* LoginViewController.swift in Sources */ = {isa = PBXBuildFile; fileRef = C309F6DB1C42AE6100F7BD10 /* LoginViewController.swift */; };
		C34561511C464754006FD75E /* TopicDetailMainCell.swift in Sources */ = {isa = PBXBuildFile; fileRef = C345614B1C464754006FD75E /* TopicDetailMainCell.swift */; };
		C34561521C464754006FD75E /* TopicDetailReplyCell.swift in Sources */ = {isa = PBXBuildFile; fileRef = C345614C1C464754006FD75E /* TopicDetailReplyCell.swift */; };
		C34561531C464754006FD75E /* TopicDetailViewController.swift in Sources */ = {isa = PBXBuildFile; fileRef = C345614D1C464754006FD75E /* TopicDetailViewController.swift */; };
		C34561541C464754006FD75E /* TopicListItemCell.swift in Sources */ = {isa = PBXBuildFile; fileRef = C345614E1C464754006FD75E /* TopicListItemCell.swift */; };
		C34561551C464754006FD75E /* TopicListViewController.swift in Sources */ = {isa = PBXBuildFile; fileRef = C345614F1C464754006FD75E /* TopicListViewController.swift */; };
		C34561591C46477F006FD75E /* NavHeaderView.swift in Sources */ = {isa = PBXBuildFile; fileRef = C34561561C46477F006FD75E /* NavHeaderView.swift */; };
		C345615A1C46477F006FD75E /* NavMenuItemView.swift in Sources */ = {isa = PBXBuildFile; fileRef = C34561571C46477F006FD75E /* NavMenuItemView.swift */; };
		C345615B1C46477F006FD75E /* NavViewController.swift in Sources */ = {isa = PBXBuildFile; fileRef = C34561581C46477F006FD75E /* NavViewController.swift */; };
		C345615E1C4647CE006FD75E /* Options.storyboard in Resources */ = {isa = PBXBuildFile; fileRef = C345615C1C4647CE006FD75E /* Options.storyboard */; };
		C34561611C46480F006FD75E /* ApiClient.swift in Sources */ = {isa = PBXBuildFile; fileRef = C345615F1C46480F006FD75E /* ApiClient.swift */; };
		C34561621C46480F006FD75E /* Utils.swift in Sources */ = {isa = PBXBuildFile; fileRef = C34561601C46480F006FD75E /* Utils.swift */; };
		C34561681C4648A4006FD75E /* AHTableViewController.swift in Sources */ = {isa = PBXBuildFile; fileRef = C34561661C4648A4006FD75E /* AHTableViewController.swift */; };
		C34561691C4648A4006FD75E /* AHWebView.swift in Sources */ = {isa = PBXBuildFile; fileRef = C34561671C4648A4006FD75E /* AHWebView.swift */; };
		C345616B1C464E21006FD75E /* CNWebView.swift in Sources */ = {isa = PBXBuildFile; fileRef = C345616A1C464E21006FD75E /* CNWebView.swift */; };
		C34B87051C38D26900C85710 /* AppDelegate.swift in Sources */ = {isa = PBXBuildFile; fileRef = C34B87041C38D26900C85710 /* AppDelegate.swift */; };
		C34B870A1C38D26900C85710 /* Main.storyboard in Resources */ = {isa = PBXBuildFile; fileRef = C34B87081C38D26900C85710 /* Main.storyboard */; };
		C34B870C1C38D26900C85710 /* Assets.xcassets in Resources */ = {isa = PBXBuildFile; fileRef = C34B870B1C38D26900C85710 /* Assets.xcassets */; };
		C34B870F1C38D26900C85710 /* LaunchScreen.storyboard in Resources */ = {isa = PBXBuildFile; fileRef = C34B870D1C38D26900C85710 /* LaunchScreen.storyboard */; };
		C34B871A1C38D26900C85710 /* CNodeTests.swift in Sources */ = {isa = PBXBuildFile; fileRef = C34B87191C38D26900C85710 /* CNodeTests.swift */; };
		C34B87251C38D26900C85710 /* CNodeUITests.swift in Sources */ = {isa = PBXBuildFile; fileRef = C34B87241C38D26900C85710 /* CNodeUITests.swift */; };
		C34F2E221C47847F001ECAD2 /* SignatureEditController.swift in Sources */ = {isa = PBXBuildFile; fileRef = C34F2E211C47847F001ECAD2 /* SignatureEditController.swift */; };
		C34F2E241C479080001ECAD2 /* SettingViewController.swift in Sources */ = {isa = PBXBuildFile; fileRef = C34F2E231C479080001ECAD2 /* SettingViewController.swift */; };
		C34F2E261C479955001ECAD2 /* CreateTopicViewController.swift in Sources */ = {isa = PBXBuildFile; fileRef = C34F2E251C479955001ECAD2 /* CreateTopicViewController.swift */; };
		C34F2E281C47996A001ECAD2 /* CreateReplyViewController.swift in Sources */ = {isa = PBXBuildFile; fileRef = C34F2E271C47996A001ECAD2 /* CreateReplyViewController.swift */; };
		C34F2E2A1C479AAE001ECAD2 /* PHTextView.swift in Sources */ = {isa = PBXBuildFile; fileRef = C34F2E291C479AAE001ECAD2 /* PHTextView.swift */; };
		C360767F1C427BA800D40AD9 /* AboutViewController.swift in Sources */ = {isa = PBXBuildFile; fileRef = C360767E1C427BA800D40AD9 /* AboutViewController.swift */; };
		C36076871C429B2100D40AD9 /* about_bg.png in Resources */ = {isa = PBXBuildFile; fileRef = C36076861C429B2100D40AD9 /* about_bg.png */; };
		C36076891C429B3F00D40AD9 /* nav_bg.png in Resources */ = {isa = PBXBuildFile; fileRef = C36076881C429B3F00D40AD9 /* nav_bg.png */; };
		C360768B1C429B6B00D40AD9 /* tab_ic_good.png in Resources */ = {isa = PBXBuildFile; fileRef = C360768A1C429B6B00D40AD9 /* tab_ic_good.png */; };
		C360768F1C42A26300D40AD9 /* avatar_ph.png in Resources */ = {isa = PBXBuildFile; fileRef = C360768E1C42A26300D40AD9 /* avatar_ph.png */; };
		C3B758E41C435A4900E555B5 /* qr_code_bg.9.png in Resources */ = {isa = PBXBuildFile; fileRef = C3B758E31C435A4900E555B5 /* qr_code_bg.9.png */; };
		C3B758E61C438EEC00E555B5 /* cnodejs.png in Resources */ = {isa = PBXBuildFile; fileRef = C3B758E51C438EEC00E555B5 /* cnodejs.png */; };
		C3B758E81C43B51400E555B5 /* UserViewController.swift in Sources */ = {isa = PBXBuildFile; fileRef = C3B758E71C43B51400E555B5 /* UserViewController.swift */; };
		C3B758EA1C43B65400E555B5 /* UserHeaderView.swift in Sources */ = {isa = PBXBuildFile; fileRef = C3B758E91C43B65400E555B5 /* UserHeaderView.swift */; };
		C3B758EC1C43CE2600E555B5 /* UserActivitiesController.swift in Sources */ = {isa = PBXBuildFile; fileRef = C3B758EB1C43CE2600E555B5 /* UserActivitiesController.swift */; };
		C3B758EE1C43CE9600E555B5 /* UserActivitiesCell.swift in Sources */ = {isa = PBXBuildFile; fileRef = C3B758ED1C43CE9600E555B5 /* UserActivitiesCell.swift */; };
		C3B758F01C43ED9100E555B5 /* MessagesViewController.swift in Sources */ = {isa = PBXBuildFile; fileRef = C3B758EF1C43ED9100E555B5 /* MessagesViewController.swift */; };
		C3B758F21C43EDAE00E555B5 /* MessagesCell.swift in Sources */ = {isa = PBXBuildFile; fileRef = C3B758F11C43EDAE00E555B5 /* MessagesCell.swift */; };
		C3D3A7541C51E27700D1D826 /* fontawesome-webfont.ttf in Resources */ = {isa = PBXBuildFile; fileRef = C3D3A7531C51E27700D1D826 /* fontawesome-webfont.ttf */; };
/* End PBXBuildFile section */

/* Begin PBXContainerItemProxy section */
		C34B87161C38D26900C85710 /* PBXContainerItemProxy */ = {
			isa = PBXContainerItemProxy;
			containerPortal = C34B86F91C38D26900C85710 /* Project object */;
			proxyType = 1;
			remoteGlobalIDString = C34B87001C38D26900C85710;
			remoteInfo = CNode;
		};
		C34B87211C38D26900C85710 /* PBXContainerItemProxy */ = {
			isa = PBXContainerItemProxy;
			containerPortal = C34B86F91C38D26900C85710 /* Project object */;
			proxyType = 1;
			remoteGlobalIDString = C34B87001C38D26900C85710;
			remoteInfo = CNode;
		};
/* End PBXContainerItemProxy section */

/* Begin PBXFileReference section */
		49FEF8D3095F2443973B6B8A /* Pods.release.xcconfig */ = {isa = PBXFileReference; includeInIndex = 1; lastKnownFileType = text.xcconfig; name = Pods.release.xcconfig; path = "Pods/Target Support Files/Pods/Pods.release.xcconfig"; sourceTree = "<group>"; };
		68F35FE17D0F1811CD65687A /* Pods.framework */ = {isa = PBXFileReference; explicitFileType = wrapper.framework; includeInIndex = 0; path = Pods.framework; sourceTree = BUILT_PRODUCTS_DIR; };
		7C8272D132E56A64DABF3BCA /* Pods-CNode.release.xcconfig */ = {isa = PBXFileReference; includeInIndex = 1; lastKnownFileType = text.xcconfig; name = "Pods-CNode.release.xcconfig"; path = "Pods/Target Support Files/Pods-CNode/Pods-CNode.release.xcconfig"; sourceTree = "<group>"; };
		96B642041678617B7269978A /* Pods-CNode.debug.xcconfig */ = {isa = PBXFileReference; includeInIndex = 1; lastKnownFileType = text.xcconfig; name = "Pods-CNode.debug.xcconfig"; path = "Pods/Target Support Files/Pods-CNode/Pods-CNode.debug.xcconfig"; sourceTree = "<group>"; };
		C309F6DB1C42AE6100F7BD10 /* LoginViewController.swift */ = {isa = PBXFileReference; fileEncoding = 4; lastKnownFileType = sourcecode.swift; name = LoginViewController.swift; path = Options/LoginViewController.swift; sourceTree = "<group>"; };
		C345614B1C464754006FD75E /* TopicDetailMainCell.swift */ = {isa = PBXFileReference; fileEncoding = 4; lastKnownFileType = sourcecode.swift; name = TopicDetailMainCell.swift; path = Topic/TopicDetailMainCell.swift; sourceTree = "<group>"; };
		C345614C1C464754006FD75E /* TopicDetailReplyCell.swift */ = {isa = PBXFileReference; fileEncoding = 4; lastKnownFileType = sourcecode.swift; name = TopicDetailReplyCell.swift; path = Topic/TopicDetailReplyCell.swift; sourceTree = "<group>"; };
		C345614D1C464754006FD75E /* TopicDetailViewController.swift */ = {isa = PBXFileReference; fileEncoding = 4; lastKnownFileType = sourcecode.swift; name = TopicDetailViewController.swift; path = Topic/TopicDetailViewController.swift; sourceTree = "<group>"; };
		C345614E1C464754006FD75E /* TopicListItemCell.swift */ = {isa = PBXFileReference; fileEncoding = 4; lastKnownFileType = sourcecode.swift; name = TopicListItemCell.swift; path = Topic/TopicListItemCell.swift; sourceTree = "<group>"; };
		C345614F1C464754006FD75E /* TopicListViewController.swift */ = {isa = PBXFileReference; fileEncoding = 4; lastKnownFileType = sourcecode.swift; name = TopicListViewController.swift; path = Topic/TopicListViewController.swift; sourceTree = "<group>"; };
		C34561561C46477F006FD75E /* NavHeaderView.swift */ = {isa = PBXFileReference; fileEncoding = 4; lastKnownFileType = sourcecode.swift; name = NavHeaderView.swift; path = Nav/NavHeaderView.swift; sourceTree = "<group>"; };
		C34561571C46477F006FD75E /* NavMenuItemView.swift */ = {isa = PBXFileReference; fileEncoding = 4; lastKnownFileType = sourcecode.swift; name = NavMenuItemView.swift; path = Nav/NavMenuItemView.swift; sourceTree = "<group>"; };
		C34561581C46477F006FD75E /* NavViewController.swift */ = {isa = PBXFileReference; fileEncoding = 4; lastKnownFileType = sourcecode.swift; name = NavViewController.swift; path = Nav/NavViewController.swift; sourceTree = "<group>"; };
		C345615D1C4647CE006FD75E /* Base */ = {isa = PBXFileReference; lastKnownFileType = file.storyboard; name = Base; path = Base.lproj/Options.storyboard; sourceTree = "<group>"; };
		C345615F1C46480F006FD75E /* ApiClient.swift */ = {isa = PBXFileReference; fileEncoding = 4; lastKnownFileType = sourcecode.swift; name = ApiClient.swift; path = Core/ApiClient.swift; sourceTree = "<group>"; };
		C34561601C46480F006FD75E /* Utils.swift */ = {isa = PBXFileReference; fileEncoding = 4; lastKnownFileType = sourcecode.swift; name = Utils.swift; path = Core/Utils.swift; sourceTree = "<group>"; };
		C34561661C4648A4006FD75E /* AHTableViewController.swift */ = {isa = PBXFileReference; fileEncoding = 4; lastKnownFileType = sourcecode.swift; name = AHTableViewController.swift; path = Libs/AHTableViewController.swift; sourceTree = "<group>"; };
		C34561671C4648A4006FD75E /* AHWebView.swift */ = {isa = PBXFileReference; fileEncoding = 4; lastKnownFileType = sourcecode.swift; name = AHWebView.swift; path = Libs/AHWebView.swift; sourceTree = "<group>"; };
		C345616A1C464E21006FD75E /* CNWebView.swift */ = {isa = PBXFileReference; fileEncoding = 4; lastKnownFileType = sourcecode.swift; name = CNWebView.swift; path = Core/CNWebView.swift; sourceTree = "<group>"; };
		C34B87011C38D26900C85710 /* CNode.app */ = {isa = PBXFileReference; explicitFileType = wrapper.application; includeInIndex = 0; path = CNode.app; sourceTree = BUILT_PRODUCTS_DIR; };
		C34B87041C38D26900C85710 /* AppDelegate.swift */ = {isa = PBXFileReference; lastKnownFileType = sourcecode.swift; path = AppDelegate.swift; sourceTree = "<group>"; };
		C34B87091C38D26900C85710 /* Base */ = {isa = PBXFileReference; lastKnownFileType = file.storyboard; name = Base; path = Base.lproj/Main.storyboard; sourceTree = "<group>"; };
		C34B870B1C38D26900C85710 /* Assets.xcassets */ = {isa = PBXFileReference; lastKnownFileType = folder.assetcatalog; path = Assets.xcassets; sourceTree = "<group>"; };
		C34B870E1C38D26900C85710 /* Base */ = {isa = PBXFileReference; lastKnownFileType = file.storyboard; name = Base; path = Base.lproj/LaunchScreen.storyboard; sourceTree = "<group>"; };
		C34B87101C38D26900C85710 /* Info.plist */ = {isa = PBXFileReference; lastKnownFileType = text.plist.xml; path = Info.plist; sourceTree = "<group>"; };
		C34B87151C38D26900C85710 /* CNodeTests.xctest */ = {isa = PBXFileReference; explicitFileType = wrapper.cfbundle; includeInIndex = 0; path = CNodeTests.xctest; sourceTree = BUILT_PRODUCTS_DIR; };
		C34B87191C38D26900C85710 /* CNodeTests.swift */ = {isa = PBXFileReference; lastKnownFileType = sourcecode.swift; path = CNodeTests.swift; sourceTree = "<group>"; };
		C34B871B1C38D26900C85710 /* Info.plist */ = {isa = PBXFileReference; lastKnownFileType = text.plist.xml; path = Info.plist; sourceTree = "<group>"; };
		C34B87201C38D26900C85710 /* CNodeUITests.xctest */ = {isa = PBXFileReference; explicitFileType = wrapper.cfbundle; includeInIndex = 0; path = CNodeUITests.xctest; sourceTree = BUILT_PRODUCTS_DIR; };
		C34B87241C38D26900C85710 /* CNodeUITests.swift */ = {isa = PBXFileReference; lastKnownFileType = sourcecode.swift; path = CNodeUITests.swift; sourceTree = "<group>"; };
		C34B87261C38D26900C85710 /* Info.plist */ = {isa = PBXFileReference; lastKnownFileType = text.plist.xml; path = Info.plist; sourceTree = "<group>"; };
		C34F2E211C47847F001ECAD2 /* SignatureEditController.swift */ = {isa = PBXFileReference; fileEncoding = 4; lastKnownFileType = sourcecode.swift; name = SignatureEditController.swift; path = Options/SignatureEditController.swift; sourceTree = "<group>"; };
		C34F2E231C479080001ECAD2 /* SettingViewController.swift */ = {isa = PBXFileReference; fileEncoding = 4; lastKnownFileType = sourcecode.swift; name = SettingViewController.swift; path = Options/SettingViewController.swift; sourceTree = "<group>"; };
		C34F2E251C479955001ECAD2 /* CreateTopicViewController.swift */ = {isa = PBXFileReference; fileEncoding = 4; lastKnownFileType = sourcecode.swift; name = CreateTopicViewController.swift; path = Topic/CreateTopicViewController.swift; sourceTree = "<group>"; };
		C34F2E271C47996A001ECAD2 /* CreateReplyViewController.swift */ = {isa = PBXFileReference; fileEncoding = 4; lastKnownFileType = sourcecode.swift; name = CreateReplyViewController.swift; path = Options/CreateReplyViewController.swift; sourceTree = "<group>"; };
		C34F2E291C479AAE001ECAD2 /* PHTextView.swift */ = {isa = PBXFileReference; fileEncoding = 4; lastKnownFileType = sourcecode.swift; name = PHTextView.swift; path = Libs/PHTextView.swift; sourceTree = "<group>"; };
		C360767E1C427BA800D40AD9 /* AboutViewController.swift */ = {isa = PBXFileReference; fileEncoding = 4; lastKnownFileType = sourcecode.swift; name = AboutViewController.swift; path = Options/AboutViewController.swift; sourceTree = "<group>"; };
		C36076861C429B2100D40AD9 /* about_bg.png */ = {isa = PBXFileReference; lastKnownFileType = image.png; name = about_bg.png; path = Images/about_bg.png; sourceTree = "<group>"; };
		C36076881C429B3F00D40AD9 /* nav_bg.png */ = {isa = PBXFileReference; lastKnownFileType = image.png; name = nav_bg.png; path = Images/nav_bg.png; sourceTree = "<group>"; };
		C360768A1C429B6B00D40AD9 /* tab_ic_good.png */ = {isa = PBXFileReference; lastKnownFileType = image.png; name = tab_ic_good.png; path = Images/tab_ic_good.png; sourceTree = "<group>"; };
		C360768E1C42A26300D40AD9 /* avatar_ph.png */ = {isa = PBXFileReference; lastKnownFileType = image.png; name = avatar_ph.png; path = Images/avatar_ph.png; sourceTree = "<group>"; };
		C3B758E31C435A4900E555B5 /* qr_code_bg.9.png */ = {isa = PBXFileReference; lastKnownFileType = image.png; name = qr_code_bg.9.png; path = Images/qr_code_bg.9.png; sourceTree = "<group>"; };
		C3B758E51C438EEC00E555B5 /* cnodejs.png */ = {isa = PBXFileReference; lastKnownFileType = image.png; name = cnodejs.png; path = Images/cnodejs.png; sourceTree = "<group>"; };
		C3B758E71C43B51400E555B5 /* UserViewController.swift */ = {isa = PBXFileReference; fileEncoding = 4; lastKnownFileType = sourcecode.swift; name = UserViewController.swift; path = Options/UserViewController.swift; sourceTree = "<group>"; };
		C3B758E91C43B65400E555B5 /* UserHeaderView.swift */ = {isa = PBXFileReference; fileEncoding = 4; lastKnownFileType = sourcecode.swift; name = UserHeaderView.swift; path = Options/UserHeaderView.swift; sourceTree = "<group>"; };
		C3B758EB1C43CE2600E555B5 /* UserActivitiesController.swift */ = {isa = PBXFileReference; fileEncoding = 4; lastKnownFileType = sourcecode.swift; name = UserActivitiesController.swift; path = Options/UserActivitiesController.swift; sourceTree = "<group>"; };
		C3B758ED1C43CE9600E555B5 /* UserActivitiesCell.swift */ = {isa = PBXFileReference; fileEncoding = 4; lastKnownFileType = sourcecode.swift; name = UserActivitiesCell.swift; path = Options/UserActivitiesCell.swift; sourceTree = "<group>"; };
		C3B758EF1C43ED9100E555B5 /* MessagesViewController.swift */ = {isa = PBXFileReference; fileEncoding = 4; lastKnownFileType = sourcecode.swift; name = MessagesViewController.swift; path = Options/MessagesViewController.swift; sourceTree = "<group>"; };
		C3B758F11C43EDAE00E555B5 /* MessagesCell.swift */ = {isa = PBXFileReference; fileEncoding = 4; lastKnownFileType = sourcecode.swift; name = MessagesCell.swift; path = Options/MessagesCell.swift; sourceTree = "<group>"; };
		C3D3A7531C51E27700D1D826 /* fontawesome-webfont.ttf */ = {isa = PBXFileReference; lastKnownFileType = file; name = "fontawesome-webfont.ttf"; path = "Fonts/fontawesome-webfont.ttf"; sourceTree = "<group>"; };
		DD370D0BE0410BC2EB94CAD7 /* Pods.debug.xcconfig */ = {isa = PBXFileReference; includeInIndex = 1; lastKnownFileType = text.xcconfig; name = Pods.debug.xcconfig; path = "Pods/Target Support Files/Pods/Pods.debug.xcconfig"; sourceTree = "<group>"; };
/* End PBXFileReference section */

/* Begin PBXFrameworksBuildPhase section */
		C34B86FE1C38D26900C85710 /* Frameworks */ = {
			isa = PBXFrameworksBuildPhase;
			buildActionMask = 2147483647;
			files = (
				20214B149A47B0096940EEE2 /* Pods.framework in Frameworks */,
			);
			runOnlyForDeploymentPostprocessing = 0;
		};
		C34B87121C38D26900C85710 /* Frameworks */ = {
			isa = PBXFrameworksBuildPhase;
			buildActionMask = 2147483647;
			files = (
				3EC4961CA9D3BCE8F445A10C /* Pods.framework in Frameworks */,
			);
			runOnlyForDeploymentPostprocessing = 0;
		};
		C34B871D1C38D26900C85710 /* Frameworks */ = {
			isa = PBXFrameworksBuildPhase;
			buildActionMask = 2147483647;
			files = (
				0CD6D3296D56BFC7DE27F3D3 /* Pods.framework in Frameworks */,
			);
			runOnlyForDeploymentPostprocessing = 0;
		};
/* End PBXFrameworksBuildPhase section */

/* Begin PBXGroup section */
		60F98CDC1BED1FCE481BE5F2 /* Frameworks */ = {
			isa = PBXGroup;
			children = (
				68F35FE17D0F1811CD65687A /* Pods.framework */,
			);
			name = Frameworks;
			sourceTree = "<group>";
		};
		C337521E1C3B9C68009DD981 /* Topic */ = {
			isa = PBXGroup;
			children = (
				C345614B1C464754006FD75E /* TopicDetailMainCell.swift */,
				C345614C1C464754006FD75E /* TopicDetailReplyCell.swift */,
				C345614D1C464754006FD75E /* TopicDetailViewController.swift */,
				C345614E1C464754006FD75E /* TopicListItemCell.swift */,
				C345614F1C464754006FD75E /* TopicListViewController.swift */,
				C34F2E251C479955001ECAD2 /* CreateTopicViewController.swift */,
				C34F2E271C47996A001ECAD2 /* CreateReplyViewController.swift */,
			);
			name = Topic;
			sourceTree = "<group>";
		};
		C337521F1C3B9C90009DD981 /* Images */ = {
			isa = PBXGroup;
			children = (
				C3B758E51C438EEC00E555B5 /* cnodejs.png */,
				C3B758E31C435A4900E555B5 /* qr_code_bg.9.png */,
				C360768E1C42A26300D40AD9 /* avatar_ph.png */,
				C360768A1C429B6B00D40AD9 /* tab_ic_good.png */,
				C36076881C429B3F00D40AD9 /* nav_bg.png */,
				C36076861C429B2100D40AD9 /* about_bg.png */,
			);
			name = Images;
			sourceTree = "<group>";
		};
		C34561641C46483A006FD75E /* Storyboard */ = {
			isa = PBXGroup;
			children = (
				C34B87081C38D26900C85710 /* Main.storyboard */,
				C34B870D1C38D26900C85710 /* LaunchScreen.storyboard */,
				C345615C1C4647CE006FD75E /* Options.storyboard */,
			);
			name = Storyboard;
			sourceTree = "<group>";
		};
		C34561651C464866006FD75E /* Libs */ = {
			isa = PBXGroup;
			children = (
				C34561661C4648A4006FD75E /* AHTableViewController.swift */,
				C34561671C4648A4006FD75E /* AHWebView.swift */,
				C34F2E291C479AAE001ECAD2 /* PHTextView.swift */,
			);
			name = Libs;
			sourceTree = "<group>";
		};
		C34B86F81C38D26900C85710 = {
			isa = PBXGroup;
			children = (
				C34B87031C38D26900C85710 /* CNode */,
				C34B87181C38D26900C85710 /* CNodeTests */,
				C34B87231C38D26900C85710 /* CNodeUITests */,
				C34B87021C38D26900C85710 /* Products */,
				EB60FA4CFA8B9A342774BB2A /* Pods */,
				60F98CDC1BED1FCE481BE5F2 /* Frameworks */,
			);
			sourceTree = "<group>";
		};
		C34B87021C38D26900C85710 /* Products */ = {
			isa = PBXGroup;
			children = (
				C34B87011C38D26900C85710 /* CNode.app */,
				C34B87151C38D26900C85710 /* CNodeTests.xctest */,
				C34B87201C38D26900C85710 /* CNodeUITests.xctest */,
			);
			name = Products;
			sourceTree = "<group>";
		};
		C34B87031C38D26900C85710 /* CNode */ = {
			isa = PBXGroup;
			children = (
				C34561651C464866006FD75E /* Libs */,
				C34561641C46483A006FD75E /* Storyboard */,
				C360767D1C427B4E00D40AD9 /* Options */,
				C360766E1C41F54B00D40AD9 /* Nav */,
				C360001B1C3F509000ACA287 /* Core */,
				C3FFC8CD1C3EA2A700607068 /* Fonts */,
				C337521F1C3B9C90009DD981 /* Images */,
				C337521E1C3B9C68009DD981 /* Topic */,
				C34B87041C38D26900C85710 /* AppDelegate.swift */,
				C34B870B1C38D26900C85710 /* Assets.xcassets */,
				C34B87101C38D26900C85710 /* Info.plist */,
			);
			path = CNode;
			sourceTree = "<group>";
		};
		C34B87181C38D26900C85710 /* CNodeTests */ = {
			isa = PBXGroup;
			children = (
				C34B87191C38D26900C85710 /* CNodeTests.swift */,
				C34B871B1C38D26900C85710 /* Info.plist */,
			);
			path = CNodeTests;
			sourceTree = "<group>";
		};
		C34B87231C38D26900C85710 /* CNodeUITests */ = {
			isa = PBXGroup;
			children = (
				C34B87241C38D26900C85710 /* CNodeUITests.swift */,
				C34B87261C38D26900C85710 /* Info.plist */,
			);
			path = CNodeUITests;
			sourceTree = "<group>";
		};
		C360001B1C3F509000ACA287 /* Core */ = {
			isa = PBXGroup;
			children = (
				C345615F1C46480F006FD75E /* ApiClient.swift */,
				C34561601C46480F006FD75E /* Utils.swift */,
				C345616A1C464E21006FD75E /* CNWebView.swift */,
			);
			name = Core;
			sourceTree = "<group>";
		};
		C360766E1C41F54B00D40AD9 /* Nav */ = {
			isa = PBXGroup;
			children = (
				C34561561C46477F006FD75E /* NavHeaderView.swift */,
				C34561571C46477F006FD75E /* NavMenuItemView.swift */,
				C34561581C46477F006FD75E /* NavViewController.swift */,
			);
			name = Nav;
			sourceTree = "<group>";
		};
		C360767D1C427B4E00D40AD9 /* Options */ = {
			isa = PBXGroup;
			children = (
				C360767E1C427BA800D40AD9 /* AboutViewController.swift */,
				C309F6DB1C42AE6100F7BD10 /* LoginViewController.swift */,
				C3B758E71C43B51400E555B5 /* UserViewController.swift */,
				C3B758E91C43B65400E555B5 /* UserHeaderView.swift */,
				C3B758EB1C43CE2600E555B5 /* UserActivitiesController.swift */,
				C3B758ED1C43CE9600E555B5 /* UserActivitiesCell.swift */,
				C3B758EF1C43ED9100E555B5 /* MessagesViewController.swift */,
				C3B758F11C43EDAE00E555B5 /* MessagesCell.swift */,
				C34F2E211C47847F001ECAD2 /* SignatureEditController.swift */,
				C34F2E231C479080001ECAD2 /* SettingViewController.swift */,
			);
			name = Options;
			sourceTree = "<group>";
		};
		C3FFC8CD1C3EA2A700607068 /* Fonts */ = {
			isa = PBXGroup;
			children = (
				C3D3A7531C51E27700D1D826 /* fontawesome-webfont.ttf */,
			);
			name = Fonts;
			sourceTree = "<group>";
		};
		EB60FA4CFA8B9A342774BB2A /* Pods */ = {
			isa = PBXGroup;
			children = (
				96B642041678617B7269978A /* Pods-CNode.debug.xcconfig */,
				7C8272D132E56A64DABF3BCA /* Pods-CNode.release.xcconfig */,
				DD370D0BE0410BC2EB94CAD7 /* Pods.debug.xcconfig */,
				49FEF8D3095F2443973B6B8A /* Pods.release.xcconfig */,
			);
			name = Pods;
			sourceTree = "<group>";
		};
/* End PBXGroup section */

/* Begin PBXNativeTarget section */
		C34B87001C38D26900C85710 /* CNode */ = {
			isa = PBXNativeTarget;
			buildConfigurationList = C34B87291C38D26900C85710 /* Build configuration list for PBXNativeTarget "CNode" */;
			buildPhases = (
				6043E95F57270B65045F4100 /* Check Pods Manifest.lock */,
				C34B86FD1C38D26900C85710 /* Sources */,
				C34B86FE1C38D26900C85710 /* Frameworks */,
				C34B86FF1C38D26900C85710 /* Resources */,
				E350506CBF8986A06513A060 /* Embed Pods Frameworks */,
				E0F46D1FBBE590AEA7F2CB45 /* Copy Pods Resources */,
			);
			buildRules = (
			);
			dependencies = (
			);
			name = CNode;
			productName = CNode;
			productReference = C34B87011C38D26900C85710 /* CNode.app */;
			productType = "com.apple.product-type.application";
		};
		C34B87141C38D26900C85710 /* CNodeTests */ = {
			isa = PBXNativeTarget;
			buildConfigurationList = C34B872C1C38D26900C85710 /* Build configuration list for PBXNativeTarget "CNodeTests" */;
			buildPhases = (
				BC6C86E382D3D0181AD546F0 /* Check Pods Manifest.lock */,
				C34B87111C38D26900C85710 /* Sources */,
				C34B87121C38D26900C85710 /* Frameworks */,
				C34B87131C38D26900C85710 /* Resources */,
				D3DA521E648161E8BB69CD60 /* Embed Pods Frameworks */,
				7C3C0691C5692419ED5E06AF /* Copy Pods Resources */,
			);
			buildRules = (
			);
			dependencies = (
				C34B87171C38D26900C85710 /* PBXTargetDependency */,
			);
			name = CNodeTests;
			productName = CNodeTests;
			productReference = C34B87151C38D26900C85710 /* CNodeTests.xctest */;
			productType = "com.apple.product-type.bundle.unit-test";
		};
		C34B871F1C38D26900C85710 /* CNodeUITests */ = {
			isa = PBXNativeTarget;
			buildConfigurationList = C34B872F1C38D26900C85710 /* Build configuration list for PBXNativeTarget "CNodeUITests" */;
			buildPhases = (
				12416F991F40A9CDE092A2CD /* Check Pods Manifest.lock */,
				C34B871C1C38D26900C85710 /* Sources */,
				C34B871D1C38D26900C85710 /* Frameworks */,
				C34B871E1C38D26900C85710 /* Resources */,
				B84E6FA99ABB1B4ECFFA0339 /* Copy Pods Resources */,
			);
			buildRules = (
			);
			dependencies = (
				C34B87221C38D26900C85710 /* PBXTargetDependency */,
			);
			name = CNodeUITests;
			productName = CNodeUITests;
			productReference = C34B87201C38D26900C85710 /* CNodeUITests.xctest */;
			productType = "com.apple.product-type.bundle.ui-testing";
		};
/* End PBXNativeTarget section */

/* Begin PBXProject section */
		C34B86F91C38D26900C85710 /* Project object */ = {
			isa = PBXProject;
			attributes = {
				LastSwiftUpdateCheck = 0720;
				LastUpgradeCheck = 0720;
				ORGANIZATIONNAME = "Klesh Wong";
				TargetAttributes = {
					C34B87001C38D26900C85710 = {
						CreatedOnToolsVersion = 7.2;
						DevelopmentTeam = C36TY55UNC;
					};
					C34B87141C38D26900C85710 = {
						CreatedOnToolsVersion = 7.2;
						DevelopmentTeam = 96S4KGVZT3;
						TestTargetID = C34B87001C38D26900C85710;
					};
					C34B871F1C38D26900C85710 = {
						CreatedOnToolsVersion = 7.2;
						DevelopmentTeam = 96S4KGVZT3;
						TestTargetID = C34B87001C38D26900C85710;
					};
				};
			};
			buildConfigurationList = C34B86FC1C38D26900C85710 /* Build configuration list for PBXProject "CNode" */;
			compatibilityVersion = "Xcode 3.2";
			developmentRegion = English;
			hasScannedForEncodings = 0;
			knownRegions = (
				en,
				Base,
			);
			mainGroup = C34B86F81C38D26900C85710;
			productRefGroup = C34B87021C38D26900C85710 /* Products */;
			projectDirPath = "";
			projectRoot = "";
			targets = (
				C34B87001C38D26900C85710 /* CNode */,
				C34B87141C38D26900C85710 /* CNodeTests */,
				C34B871F1C38D26900C85710 /* CNodeUITests */,
			);
		};
/* End PBXProject section */

/* Begin PBXResourcesBuildPhase section */
		C34B86FF1C38D26900C85710 /* Resources */ = {
			isa = PBXResourcesBuildPhase;
			buildActionMask = 2147483647;
			files = (
				C3D3A7541C51E27700D1D826 /* fontawesome-webfont.ttf in Resources */,
				C360768F1C42A26300D40AD9 /* avatar_ph.png in Resources */,
				C36076891C429B3F00D40AD9 /* nav_bg.png in Resources */,
				C34B870F1C38D26900C85710 /* LaunchScreen.storyboard in Resources */,
				C3B758E61C438EEC00E555B5 /* cnodejs.png in Resources */,
				C360768B1C429B6B00D40AD9 /* tab_ic_good.png in Resources */,
				C34B870C1C38D26900C85710 /* Assets.xcassets in Resources */,
				C3B758E41C435A4900E555B5 /* qr_code_bg.9.png in Resources */,
				C36076871C429B2100D40AD9 /* about_bg.png in Resources */,
				C345615E1C4647CE006FD75E /* Options.storyboard in Resources */,
				C34B870A1C38D26900C85710 /* Main.storyboard in Resources */,
			);
			runOnlyForDeploymentPostprocessing = 0;
		};
		C34B87131C38D26900C85710 /* Resources */ = {
			isa = PBXResourcesBuildPhase;
			buildActionMask = 2147483647;
			files = (
			);
			runOnlyForDeploymentPostprocessing = 0;
		};
		C34B871E1C38D26900C85710 /* Resources */ = {
			isa = PBXResourcesBuildPhase;
			buildActionMask = 2147483647;
			files = (
			);
			runOnlyForDeploymentPostprocessing = 0;
		};
/* End PBXResourcesBuildPhase section */

/* Begin PBXShellScriptBuildPhase section */
		12416F991F40A9CDE092A2CD /* Check Pods Manifest.lock */ = {
			isa = PBXShellScriptBuildPhase;
			buildActionMask = 2147483647;
			files = (
			);
			inputPaths = (
			);
			name = "Check Pods Manifest.lock";
			outputPaths = (
			);
			runOnlyForDeploymentPostprocessing = 0;
			shellPath = /bin/sh;
			shellScript = "diff \"${PODS_ROOT}/../Podfile.lock\" \"${PODS_ROOT}/Manifest.lock\" > /dev/null\nif [[ $? != 0 ]] ; then\n    cat << EOM\nerror: The sandbox is not in sync with the Podfile.lock. Run 'pod install' or update your CocoaPods installation.\nEOM\n    exit 1\nfi\n";
			showEnvVarsInLog = 0;
		};
		6043E95F57270B65045F4100 /* Check Pods Manifest.lock */ = {
			isa = PBXShellScriptBuildPhase;
			buildActionMask = 2147483647;
			files = (
			);
			inputPaths = (
			);
			name = "Check Pods Manifest.lock";
			outputPaths = (
			);
			runOnlyForDeploymentPostprocessing = 0;
			shellPath = /bin/sh;
			shellScript = "diff \"${PODS_ROOT}/../Podfile.lock\" \"${PODS_ROOT}/Manifest.lock\" > /dev/null\nif [[ $? != 0 ]] ; then\n    cat << EOM\nerror: The sandbox is not in sync with the Podfile.lock. Run 'pod install' or update your CocoaPods installation.\nEOM\n    exit 1\nfi\n";
			showEnvVarsInLog = 0;
		};
		7C3C0691C5692419ED5E06AF /* Copy Pods Resources */ = {
			isa = PBXShellScriptBuildPhase;
			buildActionMask = 2147483647;
			files = (
			);
			inputPaths = (
			);
			name = "Copy Pods Resources";
			outputPaths = (
			);
			runOnlyForDeploymentPostprocessing = 0;
			shellPath = /bin/sh;
			shellScript = "\"${SRCROOT}/Pods/Target Support Files/Pods/Pods-resources.sh\"\n";
			showEnvVarsInLog = 0;
		};
		B84E6FA99ABB1B4ECFFA0339 /* Copy Pods Resources */ = {
			isa = PBXShellScriptBuildPhase;
			buildActionMask = 2147483647;
			files = (
			);
			inputPaths = (
			);
			name = "Copy Pods Resources";
			outputPaths = (
			);
			runOnlyForDeploymentPostprocessing = 0;
			shellPath = /bin/sh;
			shellScript = "\"${SRCROOT}/Pods/Target Support Files/Pods/Pods-resources.sh\"\n";
			showEnvVarsInLog = 0;
		};
		BC6C86E382D3D0181AD546F0 /* Check Pods Manifest.lock */ = {
			isa = PBXShellScriptBuildPhase;
			buildActionMask = 2147483647;
			files = (
			);
			inputPaths = (
			);
			name = "Check Pods Manifest.lock";
			outputPaths = (
			);
			runOnlyForDeploymentPostprocessing = 0;
			shellPath = /bin/sh;
			shellScript = "diff \"${PODS_ROOT}/../Podfile.lock\" \"${PODS_ROOT}/Manifest.lock\" > /dev/null\nif [[ $? != 0 ]] ; then\n    cat << EOM\nerror: The sandbox is not in sync with the Podfile.lock. Run 'pod install' or update your CocoaPods installation.\nEOM\n    exit 1\nfi\n";
			showEnvVarsInLog = 0;
		};
		D3DA521E648161E8BB69CD60 /* Embed Pods Frameworks */ = {
			isa = PBXShellScriptBuildPhase;
			buildActionMask = 2147483647;
			files = (
			);
			inputPaths = (
			);
			name = "Embed Pods Frameworks";
			outputPaths = (
			);
			runOnlyForDeploymentPostprocessing = 0;
			shellPath = /bin/sh;
			shellScript = "\"${SRCROOT}/Pods/Target Support Files/Pods/Pods-frameworks.sh\"\n";
			showEnvVarsInLog = 0;
		};
		E0F46D1FBBE590AEA7F2CB45 /* Copy Pods Resources */ = {
			isa = PBXShellScriptBuildPhase;
			buildActionMask = 2147483647;
			files = (
			);
			inputPaths = (
			);
			name = "Copy Pods Resources";
			outputPaths = (
			);
			runOnlyForDeploymentPostprocessing = 0;
			shellPath = /bin/sh;
			shellScript = "\"${SRCROOT}/Pods/Target Support Files/Pods/Pods-resources.sh\"\n";
			showEnvVarsInLog = 0;
		};
		E350506CBF8986A06513A060 /* Embed Pods Frameworks */ = {
			isa = PBXShellScriptBuildPhase;
			buildActionMask = 2147483647;
			files = (
			);
			inputPaths = (
			);
			name = "Embed Pods Frameworks";
			outputPaths = (
			);
			runOnlyForDeploymentPostprocessing = 0;
			shellPath = /bin/sh;
			shellScript = "\"${SRCROOT}/Pods/Target Support Files/Pods/Pods-frameworks.sh\"\n";
			showEnvVarsInLog = 0;
		};
/* End PBXShellScriptBuildPhase section */

/* Begin PBXSourcesBuildPhase section */
		C34B86FD1C38D26900C85710 /* Sources */ = {
			isa = PBXSourcesBuildPhase;
			buildActionMask = 2147483647;
			files = (
				C34F2E2A1C479AAE001ECAD2 /* PHTextView.swift in Sources */,
				C34561541C464754006FD75E /* TopicListItemCell.swift in Sources */,
				C34F2E261C479955001ECAD2 /* CreateTopicViewController.swift in Sources */,
				C345616B1C464E21006FD75E /* CNWebView.swift in Sources */,
				C345615B1C46477F006FD75E /* NavViewController.swift in Sources */,
				C309F6DC1C42AE6100F7BD10 /* LoginViewController.swift in Sources */,
				C34561611C46480F006FD75E /* ApiClient.swift in Sources */,
				C3B758E81C43B51400E555B5 /* UserViewController.swift in Sources */,
				C3B758EA1C43B65400E555B5 /* UserHeaderView.swift in Sources */,
				C3B758F01C43ED9100E555B5 /* MessagesViewController.swift in Sources */,
				C34561691C4648A4006FD75E /* AHWebView.swift in Sources */,
				C3B758EE1C43CE9600E555B5 /* UserActivitiesCell.swift in Sources */,
				C34561531C464754006FD75E /* TopicDetailViewController.swift in Sources */,
				C34F2E241C479080001ECAD2 /* SettingViewController.swift in Sources */,
				C34561551C464754006FD75E /* TopicListViewController.swift in Sources */,
				C34561591C46477F006FD75E /* NavHeaderView.swift in Sources */,
				C34561511C464754006FD75E /* TopicDetailMainCell.swift in Sources */,
				C34561521C464754006FD75E /* TopicDetailReplyCell.swift in Sources */,
				C345615A1C46477F006FD75E /* NavMenuItemView.swift in Sources */,
				C34561621C46480F006FD75E /* Utils.swift in Sources */,
				C3B758F21C43EDAE00E555B5 /* MessagesCell.swift in Sources */,
				C34B87051C38D26900C85710 /* AppDelegate.swift in Sources */,
				C360767F1C427BA800D40AD9 /* AboutViewController.swift in Sources */,
				C3B758EC1C43CE2600E555B5 /* UserActivitiesController.swift in Sources */,
				C34F2E221C47847F001ECAD2 /* SignatureEditController.swift in Sources */,
				C34561681C4648A4006FD75E /* AHTableViewController.swift in Sources */,
				C34F2E281C47996A001ECAD2 /* CreateReplyViewController.swift in Sources */,
			);
			runOnlyForDeploymentPostprocessing = 0;
		};
		C34B87111C38D26900C85710 /* Sources */ = {
			isa = PBXSourcesBuildPhase;
			buildActionMask = 2147483647;
			files = (
				C34B871A1C38D26900C85710 /* CNodeTests.swift in Sources */,
			);
			runOnlyForDeploymentPostprocessing = 0;
		};
		C34B871C1C38D26900C85710 /* Sources */ = {
			isa = PBXSourcesBuildPhase;
			buildActionMask = 2147483647;
			files = (
				C34B87251C38D26900C85710 /* CNodeUITests.swift in Sources */,
			);
			runOnlyForDeploymentPostprocessing = 0;
		};
/* End PBXSourcesBuildPhase section */

/* Begin PBXTargetDependency section */
		C34B87171C38D26900C85710 /* PBXTargetDependency */ = {
			isa = PBXTargetDependency;
			target = C34B87001C38D26900C85710 /* CNode */;
			targetProxy = C34B87161C38D26900C85710 /* PBXContainerItemProxy */;
		};
		C34B87221C38D26900C85710 /* PBXTargetDependency */ = {
			isa = PBXTargetDependency;
			target = C34B87001C38D26900C85710 /* CNode */;
			targetProxy = C34B87211C38D26900C85710 /* PBXContainerItemProxy */;
		};
/* End PBXTargetDependency section */

/* Begin PBXVariantGroup section */
		C345615C1C4647CE006FD75E /* Options.storyboard */ = {
			isa = PBXVariantGroup;
			children = (
				C345615D1C4647CE006FD75E /* Base */,
			);
			name = Options.storyboard;
			sourceTree = "<group>";
		};
		C34B87081C38D26900C85710 /* Main.storyboard */ = {
			isa = PBXVariantGroup;
			children = (
				C34B87091C38D26900C85710 /* Base */,
			);
			name = Main.storyboard;
			sourceTree = "<group>";
		};
		C34B870D1C38D26900C85710 /* LaunchScreen.storyboard */ = {
			isa = PBXVariantGroup;
			children = (
				C34B870E1C38D26900C85710 /* Base */,
			);
			name = LaunchScreen.storyboard;
			sourceTree = "<group>";
		};
/* End PBXVariantGroup section */

/* Begin XCBuildConfiguration section */
		C34B87271C38D26900C85710 /* Debug */ = {
			isa = XCBuildConfiguration;
			buildSettings = {
				ALWAYS_SEARCH_USER_PATHS = NO;
				CLANG_CXX_LANGUAGE_STANDARD = "gnu++0x";
				CLANG_CXX_LIBRARY = "libc++";
				CLANG_ENABLE_MODULES = YES;
				CLANG_ENABLE_OBJC_ARC = YES;
				CLANG_WARN_BOOL_CONVERSION = YES;
				CLANG_WARN_CONSTANT_CONVERSION = YES;
				CLANG_WARN_DIRECT_OBJC_ISA_USAGE = YES_ERROR;
				CLANG_WARN_EMPTY_BODY = YES;
				CLANG_WARN_ENUM_CONVERSION = YES;
				CLANG_WARN_INT_CONVERSION = YES;
				CLANG_WARN_OBJC_ROOT_CLASS = YES_ERROR;
				CLANG_WARN_UNREACHABLE_CODE = YES;
				CLANG_WARN__DUPLICATE_METHOD_MATCH = YES;
				"CODE_SIGN_IDENTITY[sdk=iphoneos*]" = "iPhone Developer";
				COPY_PHASE_STRIP = NO;
				DEBUG_INFORMATION_FORMAT = dwarf;
				ENABLE_STRICT_OBJC_MSGSEND = YES;
				ENABLE_TESTABILITY = YES;
				GCC_C_LANGUAGE_STANDARD = gnu99;
				GCC_DYNAMIC_NO_PIC = NO;
				GCC_NO_COMMON_BLOCKS = YES;
				GCC_OPTIMIZATION_LEVEL = 0;
				GCC_PREPROCESSOR_DEFINITIONS = (
					"DEBUG=1",
					"$(inherited)",
				);
				GCC_WARN_64_TO_32_BIT_CONVERSION = YES;
				GCC_WARN_ABOUT_RETURN_TYPE = YES_ERROR;
				GCC_WARN_UNDECLARED_SELECTOR = YES;
				GCC_WARN_UNINITIALIZED_AUTOS = YES_AGGRESSIVE;
				GCC_WARN_UNUSED_FUNCTION = YES;
				GCC_WARN_UNUSED_VARIABLE = YES;
				IPHONEOS_DEPLOYMENT_TARGET = 9.2;
				MTL_ENABLE_DEBUG_INFO = YES;
				ONLY_ACTIVE_ARCH = YES;
				SDKROOT = iphoneos;
				SWIFT_OPTIMIZATION_LEVEL = "-Onone";
				TARGETED_DEVICE_FAMILY = "1,2";
			};
			name = Debug;
		};
		C34B87281C38D26900C85710 /* Release */ = {
			isa = XCBuildConfiguration;
			buildSettings = {
				ALWAYS_SEARCH_USER_PATHS = NO;
				CLANG_CXX_LANGUAGE_STANDARD = "gnu++0x";
				CLANG_CXX_LIBRARY = "libc++";
				CLANG_ENABLE_MODULES = YES;
				CLANG_ENABLE_OBJC_ARC = YES;
				CLANG_WARN_BOOL_CONVERSION = YES;
				CLANG_WARN_CONSTANT_CONVERSION = YES;
				CLANG_WARN_DIRECT_OBJC_ISA_USAGE = YES_ERROR;
				CLANG_WARN_EMPTY_BODY = YES;
				CLANG_WARN_ENUM_CONVERSION = YES;
				CLANG_WARN_INT_CONVERSION = YES;
				CLANG_WARN_OBJC_ROOT_CLASS = YES_ERROR;
				CLANG_WARN_UNREACHABLE_CODE = YES;
				CLANG_WARN__DUPLICATE_METHOD_MATCH = YES;
				"CODE_SIGN_IDENTITY[sdk=iphoneos*]" = "iPhone Developer";
				COPY_PHASE_STRIP = NO;
				DEBUG_INFORMATION_FORMAT = "dwarf-with-dsym";
				ENABLE_NS_ASSERTIONS = NO;
				ENABLE_STRICT_OBJC_MSGSEND = YES;
				GCC_C_LANGUAGE_STANDARD = gnu99;
				GCC_NO_COMMON_BLOCKS = YES;
				GCC_WARN_64_TO_32_BIT_CONVERSION = YES;
				GCC_WARN_ABOUT_RETURN_TYPE = YES_ERROR;
				GCC_WARN_UNDECLARED_SELECTOR = YES;
				GCC_WARN_UNINITIALIZED_AUTOS = YES_AGGRESSIVE;
				GCC_WARN_UNUSED_FUNCTION = YES;
				GCC_WARN_UNUSED_VARIABLE = YES;
				IPHONEOS_DEPLOYMENT_TARGET = 9.2;
				MTL_ENABLE_DEBUG_INFO = NO;
				SDKROOT = iphoneos;
				TARGETED_DEVICE_FAMILY = "1,2";
				VALIDATE_PRODUCT = YES;
			};
			name = Release;
		};
		C34B872A1C38D26900C85710 /* Debug */ = {
			isa = XCBuildConfiguration;
			baseConfigurationReference = DD370D0BE0410BC2EB94CAD7 /* Pods.debug.xcconfig */;
			buildSettings = {
				ASSETCATALOG_COMPILER_APPICON_NAME = AppIcon;
				CODE_SIGN_IDENTITY = "iPhone Developer";
				INFOPLIST_FILE = CNode/Info.plist;
				IPHONEOS_DEPLOYMENT_TARGET = 8.0;
				LD_RUNPATH_SEARCH_PATHS = "$(inherited) @executable_path/Frameworks";
				OTHER_SWIFT_FLAGS = "$(inherited)";
				"OTHER_SWIFT_FLAGS[arch=*]" = "-D DEBUG";
				PRODUCT_BUNDLE_IDENTIFIER = com.kleshwong.CNode;
				PRODUCT_NAME = "$(TARGET_NAME)";
				TARGETED_DEVICE_FAMILY = "1,2";
			};
			name = Debug;
		};
		C34B872B1C38D26900C85710 /* Release */ = {
			isa = XCBuildConfiguration;
			baseConfigurationReference = DD370D0BE0410BC2EB94CAD7 /* Pods.debug.xcconfig */;
			buildSettings = {
				ASSETCATALOG_COMPILER_APPICON_NAME = AppIcon;
				CODE_SIGN_IDENTITY = "iPhone Developer";
				INFOPLIST_FILE = CNode/Info.plist;
				IPHONEOS_DEPLOYMENT_TARGET = 8.0;
				LD_RUNPATH_SEARCH_PATHS = "$(inherited) @executable_path/Frameworks";
				PRODUCT_BUNDLE_IDENTIFIER = com.kleshwong.CNode;
				PRODUCT_NAME = "$(TARGET_NAME)";
				TARGETED_DEVICE_FAMILY = "1,2";
			};
			name = Release;
		};
		C34B872D1C38D26900C85710 /* Debug */ = {
			isa = XCBuildConfiguration;
			baseConfigurationReference = DD370D0BE0410BC2EB94CAD7 /* Pods.debug.xcconfig */;
			buildSettings = {
				BUNDLE_LOADER = "$(TEST_HOST)";
				INFOPLIST_FILE = CNodeTests/Info.plist;
				LD_RUNPATH_SEARCH_PATHS = "$(inherited) @executable_path/Frameworks @loader_path/Frameworks";
				PRODUCT_BUNDLE_IDENTIFIER = com.kleshwong.CNodeTests;
				PRODUCT_NAME = "$(TARGET_NAME)";
				TEST_HOST = "$(BUILT_PRODUCTS_DIR)/CNode.app/CNode";
			};
			name = Debug;
		};
		C34B872E1C38D26900C85710 /* Release */ = {
			isa = XCBuildConfiguration;
			baseConfigurationReference = 49FEF8D3095F2443973B6B8A /* Pods.release.xcconfig */;
			buildSettings = {
				BUNDLE_LOADER = "$(TEST_HOST)";
				INFOPLIST_FILE = CNodeTests/Info.plist;
				LD_RUNPATH_SEARCH_PATHS = "$(inherited) @executable_path/Frameworks @loader_path/Frameworks";
				PRODUCT_BUNDLE_IDENTIFIER = com.kleshwong.CNodeTests;
				PRODUCT_NAME = "$(TARGET_NAME)";
				TEST_HOST = "$(BUILT_PRODUCTS_DIR)/CNode.app/CNode";
			};
			name = Release;
		};
		C34B87301C38D26900C85710 /* Debug */ = {
			isa = XCBuildConfiguration;
			baseConfigurationReference = DD370D0BE0410BC2EB94CAD7 /* Pods.debug.xcconfig */;
			buildSettings = {
				INFOPLIST_FILE = CNodeUITests/Info.plist;
				LD_RUNPATH_SEARCH_PATHS = "$(inherited) @executable_path/Frameworks @loader_path/Frameworks";
				PRODUCT_BUNDLE_IDENTIFIER = com.kleshwong.CNodeUITests;
				PRODUCT_NAME = "$(TARGET_NAME)";
				TEST_TARGET_NAME = CNode;
				USES_XCTRUNNER = YES;
			};
			name = Debug;
		};
		C34B87311C38D26900C85710 /* Release */ = {
			isa = XCBuildConfiguration;
			baseConfigurationReference = 49FEF8D3095F2443973B6B8A /* Pods.release.xcconfig */;
			buildSettings = {
				INFOPLIST_FILE = CNodeUITests/Info.plist;
				LD_RUNPATH_SEARCH_PATHS = "$(inherited) @executable_path/Frameworks @loader_path/Frameworks";
				PRODUCT_BUNDLE_IDENTIFIER = com.kleshwong.CNodeUITests;
				PRODUCT_NAME = "$(TARGET_NAME)";
				TEST_TARGET_NAME = CNode;
				USES_XCTRUNNER = YES;
			};
			name = Release;
		};
/* End XCBuildConfiguration section */

/* Begin XCConfigurationList section */
		C34B86FC1C38D26900C85710 /* Build configuration list for PBXProject "CNode" */ = {
			isa = XCConfigurationList;
			buildConfigurations = (
				C34B87271C38D26900C85710 /* Debug */,
				C34B87281C38D26900C85710 /* Release */,
			);
			defaultConfigurationIsVisible = 0;
			defaultConfigurationName = Release;
		};
		C34B87291C38D26900C85710 /* Build configuration list for PBXNativeTarget "CNode" */ = {
			isa = XCConfigurationList;
			buildConfigurations = (
				C34B872A1C38D26900C85710 /* Debug */,
				C34B872B1C38D26900C85710 /* Release */,
			);
			defaultConfigurationIsVisible = 0;
			defaultConfigurationName = Release;
		};
		C34B872C1C38D26900C85710 /* Build configuration list for PBXNativeTarget "CNodeTests" */ = {
			isa = XCConfigurationList;
			buildConfigurations = (
				C34B872D1C38D26900C85710 /* Debug */,
				C34B872E1C38D26900C85710 /* Release */,
			);
			defaultConfigurationIsVisible = 0;
			defaultConfigurationName = Release;
		};
		C34B872F1C38D26900C85710 /* Build configuration list for PBXNativeTarget "CNodeUITests" */ = {
			isa = XCConfigurationList;
			buildConfigurations = (
				C34B87301C38D26900C85710 /* Debug */,
				C34B87311C38D26900C85710 /* Release */,
			);
			defaultConfigurationIsVisible = 0;
			defaultConfigurationName = Release;
		};
/* End XCConfigurationList section */
	};
	rootObject = C34B86F91C38D26900C85710 /* Project object */;
}
